// !$*UTF8*$!
{
	archiveVersion = 1;
	classes = {
	};
	objectVersion = 46;
	objects = {

/* Begin PBXAggregateTarget section */
		dynamiccodablekit::DynamicCodableKitPackageTests::ProductTarget /* DynamicCodableKitPackageTests */ = {
			isa = PBXAggregateTarget;
			buildConfigurationList = OBJ_115 /* Build configuration list for PBXAggregateTarget "DynamicCodableKitPackageTests" */;
			buildPhases = (
			);
			dependencies = (
				OBJ_118 /* PBXTargetDependency */,
			);
			name = DynamicCodableKitPackageTests;
			productName = DynamicCodableKitPackageTests;
		};
/* End PBXAggregateTarget section */

/* Begin PBXBuildFile section */
		B10BA9CB89739730584048F9 /* DynamicCodableKit.docc in Sources */ = {isa = PBXBuildFile; fileRef = 7C02AE3B9AFE0B39D7D945B7 /* DynamicCodableKit.docc */; };
		OBJ_100 /* DynamicDecodingContextProvider.swift in Sources */ = {isa = PBXBuildFile; fileRef = OBJ_28 /* DynamicDecodingContextProvider.swift */; };
		OBJ_101 /* DynamicDecodingDefaultValueContextBasedWrapper.swift in Sources */ = {isa = PBXBuildFile; fileRef = OBJ_29 /* DynamicDecodingDefaultValueContextBasedWrapper.swift */; };
		OBJ_102 /* DynamicEncodable.swift in Sources */ = {isa = PBXBuildFile; fileRef = OBJ_30 /* DynamicEncodable.swift */; };
		OBJ_103 /* Decoder.swift in Sources */ = {isa = PBXBuildFile; fileRef = OBJ_32 /* Decoder.swift */; };
		OBJ_104 /* DecodingError.swift in Sources */ = {isa = PBXBuildFile; fileRef = OBJ_33 /* DecodingError.swift */; };
		OBJ_105 /* KeyedDecodingContainerProtocol.swift in Sources */ = {isa = PBXBuildFile; fileRef = OBJ_34 /* KeyedDecodingContainerProtocol.swift */; };
		OBJ_106 /* UnkeyedDecodingContainer.swift in Sources */ = {isa = PBXBuildFile; fileRef = OBJ_35 /* UnkeyedDecodingContainer.swift */; };
		OBJ_113 /* Package.swift in Sources */ = {isa = PBXBuildFile; fileRef = OBJ_6 /* Package.swift */; };
		OBJ_124 /* DynamicDecodable.swift in Sources */ = {isa = PBXBuildFile; fileRef = OBJ_38 /* DynamicDecodable.swift */; };
		OBJ_125 /* DynamicDecodingContext.swift in Sources */ = {isa = PBXBuildFile; fileRef = OBJ_39 /* DynamicDecodingContext.swift */; };
		OBJ_126 /* IdentifierCollectionDecode.swift in Sources */ = {isa = PBXBuildFile; fileRef = OBJ_42 /* IdentifierCollectionDecode.swift */; };
		OBJ_127 /* IdentifierCollectionDecodeWithInvalidData.swift in Sources */ = {isa = PBXBuildFile; fileRef = OBJ_43 /* IdentifierCollectionDecodeWithInvalidData.swift */; };
		OBJ_128 /* IdentifierDecode.swift in Sources */ = {isa = PBXBuildFile; fileRef = OBJ_44 /* IdentifierDecode.swift */; };
		OBJ_129 /* IdentifierDecodeWithInvalidData.swift in Sources */ = {isa = PBXBuildFile; fileRef = OBJ_45 /* IdentifierDecodeWithInvalidData.swift */; };
		OBJ_130 /* DynamicDecodingCollectionWrapper.swift in Sources */ = {isa = PBXBuildFile; fileRef = OBJ_46 /* DynamicDecodingCollectionWrapper.swift */; };
		OBJ_131 /* DynamicDecodingWrapper.swift in Sources */ = {isa = PBXBuildFile; fileRef = OBJ_47 /* DynamicDecodingWrapper.swift */; };
		OBJ_132 /* DynamicBaseType.swift in Sources */ = {isa = PBXBuildFile; fileRef = OBJ_49 /* DynamicBaseType.swift */; };
		OBJ_133 /* PostPage.swift in Sources */ = {isa = PBXBuildFile; fileRef = OBJ_50 /* PostPage.swift */; };
		OBJ_134 /* ContainerCollectionDecode.swift in Sources */ = {isa = PBXBuildFile; fileRef = OBJ_53 /* ContainerCollectionDecode.swift */; };
		OBJ_135 /* ContainerCollectionDecodeWithInvalidData.swift in Sources */ = {isa = PBXBuildFile; fileRef = OBJ_54 /* ContainerCollectionDecodeWithInvalidData.swift */; };
		OBJ_136 /* ContainerDecode.swift in Sources */ = {isa = PBXBuildFile; fileRef = OBJ_55 /* ContainerDecode.swift */; };
		OBJ_137 /* ContainerDecodeWithInvalidData.swift in Sources */ = {isa = PBXBuildFile; fileRef = OBJ_56 /* ContainerDecodeWithInvalidData.swift */; };
		OBJ_138 /* PathCodingKeyData.swift in Sources */ = {isa = PBXBuildFile; fileRef = OBJ_57 /* PathCodingKeyData.swift */; };
		OBJ_139 /* DynamicDecodingCollectionDictionaryWrapper.swift in Sources */ = {isa = PBXBuildFile; fileRef = OBJ_58 /* DynamicDecodingCollectionDictionaryWrapper.swift */; };
		OBJ_140 /* DynamicDecodingDictionaryWrapper.swift in Sources */ = {isa = PBXBuildFile; fileRef = OBJ_59 /* DynamicDecodingDictionaryWrapper.swift */; };
		OBJ_141 /* PostContainer.swift in Sources */ = {isa = PBXBuildFile; fileRef = OBJ_61 /* PostContainer.swift */; };
		OBJ_142 /* PostPath.swift in Sources */ = {isa = PBXBuildFile; fileRef = OBJ_62 /* PostPath.swift */; };
		OBJ_143 /* PathCodingKeyWrapper.swift in Sources */ = {isa = PBXBuildFile; fileRef = OBJ_63 /* PathCodingKeyWrapper.swift */; };
		OBJ_144 /* ProviderCollectionDecode.swift in Sources */ = {isa = PBXBuildFile; fileRef = OBJ_66 /* ProviderCollectionDecode.swift */; };
		OBJ_145 /* ProviderCollectionDecodeWithInvalidData.swift in Sources */ = {isa = PBXBuildFile; fileRef = OBJ_67 /* ProviderCollectionDecodeWithInvalidData.swift */; };
		OBJ_146 /* DynamicDecodingCollectionContextBasedWrapper.swift in Sources */ = {isa = PBXBuildFile; fileRef = OBJ_68 /* DynamicDecodingCollectionContextBasedWrapper.swift */; };
		OBJ_147 /* DynamicDecodingContextBasedWrapper.swift in Sources */ = {isa = PBXBuildFile; fileRef = OBJ_69 /* DynamicDecodingContextBasedWrapper.swift */; };
		OBJ_148 /* ProviderPost.swift in Sources */ = {isa = PBXBuildFile; fileRef = OBJ_71 /* ProviderPost.swift */; };
		OBJ_149 /* DynamicEncodable.swift in Sources */ = {isa = PBXBuildFile; fileRef = OBJ_72 /* DynamicEncodable.swift */; };
		OBJ_150 /* HashablePost.swift in Sources */ = {isa = PBXBuildFile; fileRef = OBJ_74 /* HashablePost.swift */; };
		OBJ_151 /* Post.swift in Sources */ = {isa = PBXBuildFile; fileRef = OBJ_75 /* Post.swift */; };
		OBJ_152 /* XCTestManifests.swift in Sources */ = {isa = PBXBuildFile; fileRef = OBJ_76 /* XCTestManifests.swift */; };
		OBJ_154 /* DynamicCodableKit.framework in Frameworks */ = {isa = PBXBuildFile; fileRef = dynamiccodablekit::DynamicCodableKit::Product /* DynamicCodableKit.framework */; };
		OBJ_86 /* DynamicDecodable.swift in Sources */ = {isa = PBXBuildFile; fileRef = OBJ_11 /* DynamicDecodable.swift */; };
		OBJ_87 /* DynamicDecodingConfiguration.swift in Sources */ = {isa = PBXBuildFile; fileRef = OBJ_12 /* DynamicDecodingConfiguration.swift */; };
		OBJ_88 /* DynamicDecodingContext.swift in Sources */ = {isa = PBXBuildFile; fileRef = OBJ_13 /* DynamicDecodingContext.swift */; };
		OBJ_89 /* DynamicDecodingCollectionWrapper.swift in Sources */ = {isa = PBXBuildFile; fileRef = OBJ_15 /* DynamicDecodingCollectionWrapper.swift */; };
		OBJ_90 /* DynamicDecodingContextCodingKey.swift in Sources */ = {isa = PBXBuildFile; fileRef = OBJ_16 /* DynamicDecodingContextCodingKey.swift */; };
		OBJ_91 /* DynamicDecodingDefaultValueWrapper.swift in Sources */ = {isa = PBXBuildFile; fileRef = OBJ_17 /* DynamicDecodingDefaultValueWrapper.swift */; };
		OBJ_92 /* DynamicDecodingWrapper.swift in Sources */ = {isa = PBXBuildFile; fileRef = OBJ_18 /* DynamicDecodingWrapper.swift */; };
		OBJ_93 /* DynamicDecodingCollectionDictionaryWrapper.swift in Sources */ = {isa = PBXBuildFile; fileRef = OBJ_20 /* DynamicDecodingCollectionDictionaryWrapper.swift */; };
		OBJ_94 /* DynamicDecodingContextContainerCodingKey.swift in Sources */ = {isa = PBXBuildFile; fileRef = OBJ_21 /* DynamicDecodingContextContainerCodingKey.swift */; };
		OBJ_95 /* DynamicDecodingDictionaryWrapper.swift in Sources */ = {isa = PBXBuildFile; fileRef = OBJ_22 /* DynamicDecodingDictionaryWrapper.swift */; };
		OBJ_96 /* PathCodingKeyDefaultValueWrapper.swift in Sources */ = {isa = PBXBuildFile; fileRef = OBJ_23 /* PathCodingKeyDefaultValueWrapper.swift */; };
		OBJ_97 /* PathCodingKeyWrapper.swift in Sources */ = {isa = PBXBuildFile; fileRef = OBJ_24 /* PathCodingKeyWrapper.swift */; };
		OBJ_98 /* DynamicDecodingCollectionContextBasedWrapper.swift in Sources */ = {isa = PBXBuildFile; fileRef = OBJ_26 /* DynamicDecodingCollectionContextBasedWrapper.swift */; };
		OBJ_99 /* DynamicDecodingContextBasedWrapper.swift in Sources */ = {isa = PBXBuildFile; fileRef = OBJ_27 /* DynamicDecodingContextBasedWrapper.swift */; };
/* End PBXBuildFile section */

/* Begin PBXFileReference section */
		7C02AE3B9AFE0B39D7D945B7 /* DynamicCodableKit.docc */ = {isa = PBXFileReference; includeInIndex = 1; path = DynamicCodableKit.docc; sourceTree = "<group>"; };
		OBJ_11 /* DynamicDecodable.swift */ = {isa = PBXFileReference; path = DynamicDecodable.swift; sourceTree = "<group>"; };
		OBJ_12 /* DynamicDecodingConfiguration.swift */ = {isa = PBXFileReference; path = DynamicDecodingConfiguration.swift; sourceTree = "<group>"; };
		OBJ_13 /* DynamicDecodingContext.swift */ = {isa = PBXFileReference; path = DynamicDecodingContext.swift; sourceTree = "<group>"; };
		OBJ_15 /* DynamicDecodingCollectionWrapper.swift */ = {isa = PBXFileReference; path = DynamicDecodingCollectionWrapper.swift; sourceTree = "<group>"; };
		OBJ_16 /* DynamicDecodingContextCodingKey.swift */ = {isa = PBXFileReference; path = DynamicDecodingContextCodingKey.swift; sourceTree = "<group>"; };
		OBJ_17 /* DynamicDecodingDefaultValueWrapper.swift */ = {isa = PBXFileReference; path = DynamicDecodingDefaultValueWrapper.swift; sourceTree = "<group>"; };
		OBJ_18 /* DynamicDecodingWrapper.swift */ = {isa = PBXFileReference; path = DynamicDecodingWrapper.swift; sourceTree = "<group>"; };
		OBJ_20 /* DynamicDecodingCollectionDictionaryWrapper.swift */ = {isa = PBXFileReference; path = DynamicDecodingCollectionDictionaryWrapper.swift; sourceTree = "<group>"; };
		OBJ_21 /* DynamicDecodingContextContainerCodingKey.swift */ = {isa = PBXFileReference; path = DynamicDecodingContextContainerCodingKey.swift; sourceTree = "<group>"; };
		OBJ_22 /* DynamicDecodingDictionaryWrapper.swift */ = {isa = PBXFileReference; path = DynamicDecodingDictionaryWrapper.swift; sourceTree = "<group>"; };
		OBJ_23 /* PathCodingKeyDefaultValueWrapper.swift */ = {isa = PBXFileReference; path = PathCodingKeyDefaultValueWrapper.swift; sourceTree = "<group>"; };
		OBJ_24 /* PathCodingKeyWrapper.swift */ = {isa = PBXFileReference; path = PathCodingKeyWrapper.swift; sourceTree = "<group>"; };
		OBJ_26 /* DynamicDecodingCollectionContextBasedWrapper.swift */ = {isa = PBXFileReference; path = DynamicDecodingCollectionContextBasedWrapper.swift; sourceTree = "<group>"; };
		OBJ_27 /* DynamicDecodingContextBasedWrapper.swift */ = {isa = PBXFileReference; path = DynamicDecodingContextBasedWrapper.swift; sourceTree = "<group>"; };
		OBJ_28 /* DynamicDecodingContextProvider.swift */ = {isa = PBXFileReference; path = DynamicDecodingContextProvider.swift; sourceTree = "<group>"; };
		OBJ_29 /* DynamicDecodingDefaultValueContextBasedWrapper.swift */ = {isa = PBXFileReference; path = DynamicDecodingDefaultValueContextBasedWrapper.swift; sourceTree = "<group>"; };
		OBJ_30 /* DynamicEncodable.swift */ = {isa = PBXFileReference; path = DynamicEncodable.swift; sourceTree = "<group>"; };
		OBJ_32 /* Decoder.swift */ = {isa = PBXFileReference; path = Decoder.swift; sourceTree = "<group>"; };
		OBJ_33 /* DecodingError.swift */ = {isa = PBXFileReference; path = DecodingError.swift; sourceTree = "<group>"; };
		OBJ_34 /* KeyedDecodingContainerProtocol.swift */ = {isa = PBXFileReference; path = KeyedDecodingContainerProtocol.swift; sourceTree = "<group>"; };
		OBJ_35 /* UnkeyedDecodingContainer.swift */ = {isa = PBXFileReference; path = UnkeyedDecodingContainer.swift; sourceTree = "<group>"; };
		OBJ_38 /* DynamicDecodable.swift */ = {isa = PBXFileReference; path = DynamicDecodable.swift; sourceTree = "<group>"; };
		OBJ_39 /* DynamicDecodingContext.swift */ = {isa = PBXFileReference; path = DynamicDecodingContext.swift; sourceTree = "<group>"; };
		OBJ_42 /* IdentifierCollectionDecode.swift */ = {isa = PBXFileReference; path = IdentifierCollectionDecode.swift; sourceTree = "<group>"; };
		OBJ_43 /* IdentifierCollectionDecodeWithInvalidData.swift */ = {isa = PBXFileReference; path = IdentifierCollectionDecodeWithInvalidData.swift; sourceTree = "<group>"; };
		OBJ_44 /* IdentifierDecode.swift */ = {isa = PBXFileReference; path = IdentifierDecode.swift; sourceTree = "<group>"; };
		OBJ_45 /* IdentifierDecodeWithInvalidData.swift */ = {isa = PBXFileReference; path = IdentifierDecodeWithInvalidData.swift; sourceTree = "<group>"; };
		OBJ_46 /* DynamicDecodingCollectionWrapper.swift */ = {isa = PBXFileReference; path = DynamicDecodingCollectionWrapper.swift; sourceTree = "<group>"; };
		OBJ_47 /* DynamicDecodingWrapper.swift */ = {isa = PBXFileReference; path = DynamicDecodingWrapper.swift; sourceTree = "<group>"; };
		OBJ_49 /* DynamicBaseType.swift */ = {isa = PBXFileReference; path = DynamicBaseType.swift; sourceTree = "<group>"; };
		OBJ_50 /* PostPage.swift */ = {isa = PBXFileReference; path = PostPage.swift; sourceTree = "<group>"; };
		OBJ_53 /* ContainerCollectionDecode.swift */ = {isa = PBXFileReference; path = ContainerCollectionDecode.swift; sourceTree = "<group>"; };
		OBJ_54 /* ContainerCollectionDecodeWithInvalidData.swift */ = {isa = PBXFileReference; path = ContainerCollectionDecodeWithInvalidData.swift; sourceTree = "<group>"; };
		OBJ_55 /* ContainerDecode.swift */ = {isa = PBXFileReference; path = ContainerDecode.swift; sourceTree = "<group>"; };
		OBJ_56 /* ContainerDecodeWithInvalidData.swift */ = {isa = PBXFileReference; path = ContainerDecodeWithInvalidData.swift; sourceTree = "<group>"; };
		OBJ_57 /* PathCodingKeyData.swift */ = {isa = PBXFileReference; path = PathCodingKeyData.swift; sourceTree = "<group>"; };
		OBJ_58 /* DynamicDecodingCollectionDictionaryWrapper.swift */ = {isa = PBXFileReference; path = DynamicDecodingCollectionDictionaryWrapper.swift; sourceTree = "<group>"; };
		OBJ_59 /* DynamicDecodingDictionaryWrapper.swift */ = {isa = PBXFileReference; path = DynamicDecodingDictionaryWrapper.swift; sourceTree = "<group>"; };
		OBJ_6 /* Package.swift */ = {isa = PBXFileReference; explicitFileType = sourcecode.swift; path = Package.swift; sourceTree = "<group>"; };
		OBJ_61 /* PostContainer.swift */ = {isa = PBXFileReference; path = PostContainer.swift; sourceTree = "<group>"; };
		OBJ_62 /* PostPath.swift */ = {isa = PBXFileReference; path = PostPath.swift; sourceTree = "<group>"; };
		OBJ_63 /* PathCodingKeyWrapper.swift */ = {isa = PBXFileReference; path = PathCodingKeyWrapper.swift; sourceTree = "<group>"; };
		OBJ_66 /* ProviderCollectionDecode.swift */ = {isa = PBXFileReference; path = ProviderCollectionDecode.swift; sourceTree = "<group>"; };
		OBJ_67 /* ProviderCollectionDecodeWithInvalidData.swift */ = {isa = PBXFileReference; path = ProviderCollectionDecodeWithInvalidData.swift; sourceTree = "<group>"; };
		OBJ_68 /* DynamicDecodingCollectionContextBasedWrapper.swift */ = {isa = PBXFileReference; path = DynamicDecodingCollectionContextBasedWrapper.swift; sourceTree = "<group>"; };
		OBJ_69 /* DynamicDecodingContextBasedWrapper.swift */ = {isa = PBXFileReference; path = DynamicDecodingContextBasedWrapper.swift; sourceTree = "<group>"; };
		OBJ_71 /* ProviderPost.swift */ = {isa = PBXFileReference; path = ProviderPost.swift; sourceTree = "<group>"; };
		OBJ_72 /* DynamicEncodable.swift */ = {isa = PBXFileReference; path = DynamicEncodable.swift; sourceTree = "<group>"; };
		OBJ_74 /* HashablePost.swift */ = {isa = PBXFileReference; path = HashablePost.swift; sourceTree = "<group>"; };
		OBJ_75 /* Post.swift */ = {isa = PBXFileReference; path = Post.swift; sourceTree = "<group>"; };
		OBJ_76 /* XCTestManifests.swift */ = {isa = PBXFileReference; path = XCTestManifests.swift; sourceTree = "<group>"; };
		OBJ_8 /* DynamicCodableKit.xcconfig */ = {isa = PBXFileReference; name = DynamicCodableKit.xcconfig; path = Helpers/DynamicCodableKit.xcconfig; sourceTree = "<group>"; };
		dynamiccodablekit::DynamicCodableKit::Product /* DynamicCodableKit.framework */ = {isa = PBXFileReference; path = DynamicCodableKit.framework; sourceTree = BUILT_PRODUCTS_DIR; };
		dynamiccodablekit::DynamicCodableKitTests::Product /* DynamicCodableKitTests.xctest */ = {isa = PBXFileReference; path = DynamicCodableKitTests.xctest; sourceTree = BUILT_PRODUCTS_DIR; };
/* End PBXFileReference section */

/* Begin PBXFrameworksBuildPhase section */
		OBJ_107 /* Frameworks */ = {
			isa = PBXFrameworksBuildPhase;
			files = (
			);
		};
		OBJ_153 /* Frameworks */ = {
			isa = PBXFrameworksBuildPhase;
			files = (
				OBJ_154 /* DynamicCodableKit.framework in Frameworks */,
			);
		};
/* End PBXFrameworksBuildPhase section */

/* Begin PBXGroup section */
		OBJ_10 /* DynamicCodableKit */ = {
			isa = PBXGroup;
			children = (
				OBJ_11 /* DynamicDecodable.swift */,
				OBJ_12 /* DynamicDecodingConfiguration.swift */,
				OBJ_13 /* DynamicDecodingContext.swift */,
				OBJ_14 /* DynamicDecodingContextCodingKey */,
				OBJ_19 /* DynamicDecodingContextContainerCodingKey */,
				OBJ_25 /* DynamicDecodingContextProvider */,
				OBJ_30 /* DynamicEncodable.swift */,
				OBJ_31 /* Extensions */,
				7C02AE3B9AFE0B39D7D945B7 /* DynamicCodableKit.docc */,
			);
			name = DynamicCodableKit;
			path = Sources/DynamicCodableKit;
			sourceTree = SOURCE_ROOT;
		};
		OBJ_14 /* DynamicDecodingContextCodingKey */ = {
			isa = PBXGroup;
			children = (
				OBJ_15 /* DynamicDecodingCollectionWrapper.swift */,
				OBJ_16 /* DynamicDecodingContextCodingKey.swift */,
				OBJ_17 /* DynamicDecodingDefaultValueWrapper.swift */,
				OBJ_18 /* DynamicDecodingWrapper.swift */,
			);
			name = DynamicDecodingContextCodingKey;
			path = DynamicDecodingContextCodingKey;
			sourceTree = "<group>";
		};
		OBJ_19 /* DynamicDecodingContextContainerCodingKey */ = {
			isa = PBXGroup;
			children = (
				OBJ_20 /* DynamicDecodingCollectionDictionaryWrapper.swift */,
				OBJ_21 /* DynamicDecodingContextContainerCodingKey.swift */,
				OBJ_22 /* DynamicDecodingDictionaryWrapper.swift */,
				OBJ_23 /* PathCodingKeyDefaultValueWrapper.swift */,
				OBJ_24 /* PathCodingKeyWrapper.swift */,
			);
			name = DynamicDecodingContextContainerCodingKey;
			path = DynamicDecodingContextContainerCodingKey;
			sourceTree = "<group>";
		};
		OBJ_25 /* DynamicDecodingContextProvider */ = {
			isa = PBXGroup;
			children = (
				OBJ_26 /* DynamicDecodingCollectionContextBasedWrapper.swift */,
				OBJ_27 /* DynamicDecodingContextBasedWrapper.swift */,
				OBJ_28 /* DynamicDecodingContextProvider.swift */,
				OBJ_29 /* DynamicDecodingDefaultValueContextBasedWrapper.swift */,
			);
			name = DynamicDecodingContextProvider;
			path = DynamicDecodingContextProvider;
			sourceTree = "<group>";
		};
		OBJ_31 /* Extensions */ = {
			isa = PBXGroup;
			children = (
				OBJ_32 /* Decoder.swift */,
				OBJ_33 /* DecodingError.swift */,
				OBJ_34 /* KeyedDecodingContainerProtocol.swift */,
				OBJ_35 /* UnkeyedDecodingContainer.swift */,
			);
			name = Extensions;
			path = Extensions;
			sourceTree = "<group>";
		};
		OBJ_36 /* Tests */ = {
			isa = PBXGroup;
			children = (
				OBJ_37 /* DynamicCodableKitTests */,
			);
			name = Tests;
			path = "";
			sourceTree = SOURCE_ROOT;
		};
		OBJ_37 /* DynamicCodableKitTests */ = {
			isa = PBXGroup;
			children = (
				OBJ_38 /* DynamicDecodable.swift */,
				OBJ_39 /* DynamicDecodingContext.swift */,
				OBJ_40 /* DynamicDecodingContextCodingKey */,
				OBJ_51 /* DynamicDecodingContextContainerCodingKey */,
				OBJ_64 /* DynamicDecodingContextProvider */,
				OBJ_72 /* DynamicEncodable.swift */,
				OBJ_73 /* Models */,
				OBJ_76 /* XCTestManifests.swift */,
			);
			name = DynamicCodableKitTests;
			path = Tests/DynamicCodableKitTests;
			sourceTree = SOURCE_ROOT;
		};
		OBJ_40 /* DynamicDecodingContextCodingKey */ = {
			isa = PBXGroup;
			children = (
				OBJ_41 /* Data */,
				OBJ_46 /* DynamicDecodingCollectionWrapper.swift */,
				OBJ_47 /* DynamicDecodingWrapper.swift */,
				OBJ_48 /* Models */,
			);
			name = DynamicDecodingContextCodingKey;
			path = DynamicDecodingContextCodingKey;
			sourceTree = "<group>";
		};
		OBJ_41 /* Data */ = {
			isa = PBXGroup;
			children = (
				OBJ_42 /* IdentifierCollectionDecode.swift */,
				OBJ_43 /* IdentifierCollectionDecodeWithInvalidData.swift */,
				OBJ_44 /* IdentifierDecode.swift */,
				OBJ_45 /* IdentifierDecodeWithInvalidData.swift */,
			);
			name = Data;
			path = Data;
			sourceTree = "<group>";
		};
		OBJ_48 /* Models */ = {
			isa = PBXGroup;
			children = (
				OBJ_49 /* DynamicBaseType.swift */,
				OBJ_50 /* PostPage.swift */,
			);
			name = Models;
			path = Models;
			sourceTree = "<group>";
		};
		OBJ_5 = {
			isa = PBXGroup;
			children = (
				OBJ_6 /* Package.swift */,
				OBJ_7 /* Configs */,
				OBJ_9 /* Sources */,
				OBJ_36 /* Tests */,
				OBJ_77 /* Dependencies */,
				OBJ_78 /* Products */,
			);
			path = "";
			sourceTree = "<group>";
		};
		OBJ_51 /* DynamicDecodingContextContainerCodingKey */ = {
			isa = PBXGroup;
			children = (
				OBJ_52 /* Data */,
				OBJ_58 /* DynamicDecodingCollectionDictionaryWrapper.swift */,
				OBJ_59 /* DynamicDecodingDictionaryWrapper.swift */,
				OBJ_60 /* Models */,
				OBJ_63 /* PathCodingKeyWrapper.swift */,
			);
			name = DynamicDecodingContextContainerCodingKey;
			path = DynamicDecodingContextContainerCodingKey;
			sourceTree = "<group>";
		};
		OBJ_52 /* Data */ = {
			isa = PBXGroup;
			children = (
				OBJ_53 /* ContainerCollectionDecode.swift */,
				OBJ_54 /* ContainerCollectionDecodeWithInvalidData.swift */,
				OBJ_55 /* ContainerDecode.swift */,
				OBJ_56 /* ContainerDecodeWithInvalidData.swift */,
				OBJ_57 /* PathCodingKeyData.swift */,
			);
			name = Data;
			path = Data;
			sourceTree = "<group>";
		};
		OBJ_60 /* Models */ = {
			isa = PBXGroup;
			children = (
				OBJ_61 /* PostContainer.swift */,
				OBJ_62 /* PostPath.swift */,
			);
			name = Models;
			path = Models;
			sourceTree = "<group>";
		};
		OBJ_64 /* DynamicDecodingContextProvider */ = {
			isa = PBXGroup;
			children = (
				OBJ_65 /* Data */,
				OBJ_68 /* DynamicDecodingCollectionContextBasedWrapper.swift */,
				OBJ_69 /* DynamicDecodingContextBasedWrapper.swift */,
				OBJ_70 /* Models */,
			);
			name = DynamicDecodingContextProvider;
			path = DynamicDecodingContextProvider;
			sourceTree = "<group>";
		};
		OBJ_65 /* Data */ = {
			isa = PBXGroup;
			children = (
				OBJ_66 /* ProviderCollectionDecode.swift */,
				OBJ_67 /* ProviderCollectionDecodeWithInvalidData.swift */,
			);
			name = Data;
			path = Data;
			sourceTree = "<group>";
		};
		OBJ_7 /* Configs */ = {
			isa = PBXGroup;
			children = (
				OBJ_8 /* DynamicCodableKit.xcconfig */,
			);
			name = Configs;
			path = "";
			sourceTree = "<group>";
		};
		OBJ_70 /* Models */ = {
			isa = PBXGroup;
			children = (
				OBJ_71 /* ProviderPost.swift */,
			);
			name = Models;
			path = Models;
			sourceTree = "<group>";
		};
		OBJ_73 /* Models */ = {
			isa = PBXGroup;
			children = (
				OBJ_74 /* HashablePost.swift */,
				OBJ_75 /* Post.swift */,
			);
			name = Models;
			path = Models;
			sourceTree = "<group>";
		};
		OBJ_77 /* Dependencies */ = {
			isa = PBXGroup;
			children = (
			);
			name = Dependencies;
			path = "";
			sourceTree = "<group>";
		};
		OBJ_78 /* Products */ = {
			isa = PBXGroup;
			children = (
				dynamiccodablekit::DynamicCodableKit::Product /* DynamicCodableKit.framework */,
				dynamiccodablekit::DynamicCodableKitTests::Product /* DynamicCodableKitTests.xctest */,
			);
			name = Products;
			path = "";
			sourceTree = BUILT_PRODUCTS_DIR;
		};
		OBJ_9 /* Sources */ = {
			isa = PBXGroup;
			children = (
				OBJ_10 /* DynamicCodableKit */,
			);
			name = Sources;
			path = "";
			sourceTree = SOURCE_ROOT;
		};
/* End PBXGroup section */

/* Begin PBXNativeTarget section */
		dynamiccodablekit::DynamicCodableKit /* DynamicCodableKit */ = {
			isa = PBXNativeTarget;
			buildConfigurationList = OBJ_82 /* Build configuration list for PBXNativeTarget "DynamicCodableKit" */;
			buildPhases = (
				OBJ_85 /* Sources */,
				OBJ_107 /* Frameworks */,
			);
			buildRules = (
			);
			dependencies = (
			);
			name = DynamicCodableKit;
			productName = DynamicCodableKit;
			productReference = dynamiccodablekit::DynamicCodableKit::Product /* DynamicCodableKit.framework */;
			productType = "com.apple.product-type.framework";
		};
		dynamiccodablekit::DynamicCodableKitTests /* DynamicCodableKitTests */ = {
			isa = PBXNativeTarget;
			buildConfigurationList = OBJ_120 /* Build configuration list for PBXNativeTarget "DynamicCodableKitTests" */;
			buildPhases = (
				OBJ_123 /* Sources */,
				OBJ_153 /* Frameworks */,
			);
			buildRules = (
			);
			dependencies = (
				OBJ_155 /* PBXTargetDependency */,
			);
			name = DynamicCodableKitTests;
			productName = DynamicCodableKitTests;
			productReference = dynamiccodablekit::DynamicCodableKitTests::Product /* DynamicCodableKitTests.xctest */;
			productType = "com.apple.product-type.bundle.unit-test";
		};
		dynamiccodablekit::SwiftPMPackageDescription /* DynamicCodableKitPackageDescription */ = {
			isa = PBXNativeTarget;
			buildConfigurationList = OBJ_109 /* Build configuration list for PBXNativeTarget "DynamicCodableKitPackageDescription" */;
			buildPhases = (
				OBJ_112 /* Sources */,
			);
			buildRules = (
			);
			dependencies = (
			);
			name = DynamicCodableKitPackageDescription;
			productName = DynamicCodableKitPackageDescription;
			productType = "com.apple.product-type.framework";
		};
/* End PBXNativeTarget section */

/* Begin PBXProject section */
		OBJ_1 /* Project object */ = {
			isa = PBXProject;
			attributes = {
				LastSwiftMigration = 9999;
				LastUpgradeCheck = 9999;
			};
			buildConfigurationList = OBJ_2 /* Build configuration list for PBXProject "DynamicCodableKit" */;
			compatibilityVersion = "Xcode 3.2";
			developmentRegion = en;
			hasScannedForEncodings = 0;
			knownRegions = (
				en,
			);
			mainGroup = OBJ_5;
			productRefGroup = OBJ_78 /* Products */;
			projectDirPath = .;
			targets = (
				dynamiccodablekit::DynamicCodableKit /* DynamicCodableKit */,
				dynamiccodablekit::SwiftPMPackageDescription /* DynamicCodableKitPackageDescription */,
				dynamiccodablekit::DynamicCodableKitPackageTests::ProductTarget /* DynamicCodableKitPackageTests */,
				dynamiccodablekit::DynamicCodableKitTests /* DynamicCodableKitTests */,
			);
		};
/* End PBXProject section */

/* Begin PBXSourcesBuildPhase section */
		OBJ_112 /* Sources */ = {
			isa = PBXSourcesBuildPhase;
			files = (
				OBJ_113 /* Package.swift in Sources */,
			);
		};
		OBJ_123 /* Sources */ = {
			isa = PBXSourcesBuildPhase;
			files = (
				OBJ_124 /* DynamicDecodable.swift in Sources */,
				OBJ_125 /* DynamicDecodingContext.swift in Sources */,
				OBJ_126 /* IdentifierCollectionDecode.swift in Sources */,
				OBJ_127 /* IdentifierCollectionDecodeWithInvalidData.swift in Sources */,
				OBJ_128 /* IdentifierDecode.swift in Sources */,
				OBJ_129 /* IdentifierDecodeWithInvalidData.swift in Sources */,
				OBJ_130 /* DynamicDecodingCollectionWrapper.swift in Sources */,
				OBJ_131 /* DynamicDecodingWrapper.swift in Sources */,
				OBJ_132 /* DynamicBaseType.swift in Sources */,
				OBJ_133 /* PostPage.swift in Sources */,
				OBJ_134 /* ContainerCollectionDecode.swift in Sources */,
				OBJ_135 /* ContainerCollectionDecodeWithInvalidData.swift in Sources */,
				OBJ_136 /* ContainerDecode.swift in Sources */,
				OBJ_137 /* ContainerDecodeWithInvalidData.swift in Sources */,
				OBJ_138 /* PathCodingKeyData.swift in Sources */,
				OBJ_139 /* DynamicDecodingCollectionDictionaryWrapper.swift in Sources */,
				OBJ_140 /* DynamicDecodingDictionaryWrapper.swift in Sources */,
				OBJ_141 /* PostContainer.swift in Sources */,
				OBJ_142 /* PostPath.swift in Sources */,
				OBJ_143 /* PathCodingKeyWrapper.swift in Sources */,
				OBJ_144 /* ProviderCollectionDecode.swift in Sources */,
				OBJ_145 /* ProviderCollectionDecodeWithInvalidData.swift in Sources */,
				OBJ_146 /* DynamicDecodingCollectionContextBasedWrapper.swift in Sources */,
				OBJ_147 /* DynamicDecodingContextBasedWrapper.swift in Sources */,
				OBJ_148 /* ProviderPost.swift in Sources */,
				OBJ_149 /* DynamicEncodable.swift in Sources */,
				OBJ_150 /* HashablePost.swift in Sources */,
				OBJ_151 /* Post.swift in Sources */,
				OBJ_152 /* XCTestManifests.swift in Sources */,
			);
		};
		OBJ_85 /* Sources */ = {
			isa = PBXSourcesBuildPhase;
			files = (
				OBJ_86 /* DynamicDecodable.swift in Sources */,
				OBJ_87 /* DynamicDecodingConfiguration.swift in Sources */,
				OBJ_88 /* DynamicDecodingContext.swift in Sources */,
				OBJ_89 /* DynamicDecodingCollectionWrapper.swift in Sources */,
				OBJ_90 /* DynamicDecodingContextCodingKey.swift in Sources */,
				OBJ_91 /* DynamicDecodingDefaultValueWrapper.swift in Sources */,
				OBJ_92 /* DynamicDecodingWrapper.swift in Sources */,
				OBJ_93 /* DynamicDecodingCollectionDictionaryWrapper.swift in Sources */,
				OBJ_94 /* DynamicDecodingContextContainerCodingKey.swift in Sources */,
				OBJ_95 /* DynamicDecodingDictionaryWrapper.swift in Sources */,
				OBJ_96 /* PathCodingKeyDefaultValueWrapper.swift in Sources */,
				OBJ_97 /* PathCodingKeyWrapper.swift in Sources */,
				OBJ_98 /* DynamicDecodingCollectionContextBasedWrapper.swift in Sources */,
				OBJ_99 /* DynamicDecodingContextBasedWrapper.swift in Sources */,
				OBJ_100 /* DynamicDecodingContextProvider.swift in Sources */,
				OBJ_101 /* DynamicDecodingDefaultValueContextBasedWrapper.swift in Sources */,
				OBJ_102 /* DynamicEncodable.swift in Sources */,
				OBJ_103 /* Decoder.swift in Sources */,
				OBJ_104 /* DecodingError.swift in Sources */,
				OBJ_105 /* KeyedDecodingContainerProtocol.swift in Sources */,
				OBJ_106 /* UnkeyedDecodingContainer.swift in Sources */,
				B10BA9CB89739730584048F9 /* DynamicCodableKit.docc in Sources */,
			);
		};
/* End PBXSourcesBuildPhase section */

/* Begin PBXTargetDependency section */
		OBJ_118 /* PBXTargetDependency */ = {
			isa = PBXTargetDependency;
			target = dynamiccodablekit::DynamicCodableKitTests /* DynamicCodableKitTests */;
		};
		OBJ_155 /* PBXTargetDependency */ = {
			isa = PBXTargetDependency;
			target = dynamiccodablekit::DynamicCodableKit /* DynamicCodableKit */;
		};
/* End PBXTargetDependency section */

/* Begin XCBuildConfiguration section */
		OBJ_110 /* Debug */ = {
			isa = XCBuildConfiguration;
			buildSettings = {
				LD = /usr/bin/true;
				OTHER_SWIFT_FLAGS = "-swift-version 5 -I $(TOOLCHAIN_DIR)/usr/lib/swift/pm/ManifestAPI -sdk /Applications/Xcode_13.4.app/Contents/Developer/Platforms/MacOSX.platform/Developer/SDKs/MacOSX12.3.sdk -package-description-version 5.6.0";
				SWIFT_VERSION = 5.0;
			};
			name = Debug;
		};
		OBJ_111 /* Release */ = {
			isa = XCBuildConfiguration;
			buildSettings = {
				LD = /usr/bin/true;
				OTHER_SWIFT_FLAGS = "-swift-version 5 -I $(TOOLCHAIN_DIR)/usr/lib/swift/pm/ManifestAPI -sdk /Applications/Xcode_13.4.app/Contents/Developer/Platforms/MacOSX.platform/Developer/SDKs/MacOSX12.3.sdk -package-description-version 5.6.0";
				SWIFT_VERSION = 5.0;
			};
			name = Release;
		};
		OBJ_116 /* Debug */ = {
			isa = XCBuildConfiguration;
			buildSettings = {
			};
			name = Debug;
		};
		OBJ_117 /* Release */ = {
			isa = XCBuildConfiguration;
			buildSettings = {
			};
			name = Release;
		};
		OBJ_121 /* Debug */ = {
			isa = XCBuildConfiguration;
			baseConfigurationReference = OBJ_8 /* DynamicCodableKit.xcconfig */;
			buildSettings = {
				CLANG_ENABLE_MODULES = YES;
				CURRENT_PROJECT_VERSION = 1;
				DRIVERKIT_DEPLOYMENT_TARGET = 19.0;
				EMBEDDED_CONTENT_CONTAINS_SWIFT = YES;
				FRAMEWORK_SEARCH_PATHS = (
					"$(inherited)",
					"$(PLATFORM_DIR)/Developer/Library/Frameworks",
				);
				HEADER_SEARCH_PATHS = "$(inherited)";
				INFOPLIST_FILE = DynamicCodableKit.xcodeproj/DynamicCodableKitTests_Info.plist;
				IPHONEOS_DEPLOYMENT_TARGET = 14.0;
				LD_RUNPATH_SEARCH_PATHS = "$(inherited) @loader_path/../Frameworks @loader_path/Frameworks";
				MACOSX_DEPLOYMENT_TARGET = 11.0;
				OTHER_CFLAGS = "$(inherited)";
				OTHER_LDFLAGS = "$(inherited)";
				OTHER_SWIFT_FLAGS = "$(inherited)";
				SWIFT_ACTIVE_COMPILATION_CONDITIONS = "$(inherited)";
				SWIFT_VERSION = 5.0;
				TARGET_NAME = DynamicCodableKitTests;
				TVOS_DEPLOYMENT_TARGET = 14.0;
				WATCHOS_DEPLOYMENT_TARGET = 7.0;
			};
			name = Debug;
		};
		OBJ_122 /* Release */ = {
			isa = XCBuildConfiguration;
			baseConfigurationReference = OBJ_8 /* DynamicCodableKit.xcconfig */;
			buildSettings = {
				CLANG_ENABLE_MODULES = YES;
				CURRENT_PROJECT_VERSION = 1;
				DRIVERKIT_DEPLOYMENT_TARGET = 19.0;
				EMBEDDED_CONTENT_CONTAINS_SWIFT = YES;
				FRAMEWORK_SEARCH_PATHS = (
					"$(inherited)",
					"$(PLATFORM_DIR)/Developer/Library/Frameworks",
				);
				HEADER_SEARCH_PATHS = "$(inherited)";
				INFOPLIST_FILE = DynamicCodableKit.xcodeproj/DynamicCodableKitTests_Info.plist;
				IPHONEOS_DEPLOYMENT_TARGET = 14.0;
				LD_RUNPATH_SEARCH_PATHS = "$(inherited) @loader_path/../Frameworks @loader_path/Frameworks";
				MACOSX_DEPLOYMENT_TARGET = 11.0;
				OTHER_CFLAGS = "$(inherited)";
				OTHER_LDFLAGS = "$(inherited)";
				OTHER_SWIFT_FLAGS = "$(inherited)";
				SWIFT_ACTIVE_COMPILATION_CONDITIONS = "$(inherited)";
				SWIFT_VERSION = 5.0;
				TARGET_NAME = DynamicCodableKitTests;
				TVOS_DEPLOYMENT_TARGET = 14.0;
				WATCHOS_DEPLOYMENT_TARGET = 7.0;
			};
			name = Release;
		};
		OBJ_3 /* Debug */ = {
			isa = XCBuildConfiguration;
			buildSettings = {
				CLANG_ENABLE_OBJC_ARC = YES;
				COMBINE_HIDPI_IMAGES = YES;
				COPY_PHASE_STRIP = NO;
				DEBUG_INFORMATION_FORMAT = dwarf;
				DYLIB_INSTALL_NAME_BASE = "@rpath";
				ENABLE_NS_ASSERTIONS = YES;
				GCC_OPTIMIZATION_LEVEL = 0;
				GCC_PREPROCESSOR_DEFINITIONS = (
					"$(inherited)",
					"SWIFT_PACKAGE=1",
					"DEBUG=1",
				);
				MACOSX_DEPLOYMENT_TARGET = 10.10;
				ONLY_ACTIVE_ARCH = YES;
				OTHER_SWIFT_FLAGS = "$(inherited) -DXcode";
				PRODUCT_NAME = "$(TARGET_NAME)";
				SDKROOT = macosx;
				SUPPORTED_PLATFORMS = "$(AVAILABLE_PLATFORMS)";
				SUPPORTS_MACCATALYST = YES;
				SWIFT_ACTIVE_COMPILATION_CONDITIONS = "$(inherited) SWIFT_PACKAGE DEBUG";
				SWIFT_OPTIMIZATION_LEVEL = "-Onone";
				USE_HEADERMAP = NO;
			};
			name = Debug;
		};
		OBJ_4 /* Release */ = {
			isa = XCBuildConfiguration;
			buildSettings = {
				CLANG_ENABLE_OBJC_ARC = YES;
				COMBINE_HIDPI_IMAGES = YES;
				COPY_PHASE_STRIP = YES;
				DEBUG_INFORMATION_FORMAT = "dwarf-with-dsym";
				DYLIB_INSTALL_NAME_BASE = "@rpath";
				GCC_OPTIMIZATION_LEVEL = s;
				GCC_PREPROCESSOR_DEFINITIONS = (
					"$(inherited)",
					"SWIFT_PACKAGE=1",
				);
				MACOSX_DEPLOYMENT_TARGET = 10.10;
				OTHER_SWIFT_FLAGS = "$(inherited) -DXcode";
				PRODUCT_NAME = "$(TARGET_NAME)";
				SDKROOT = macosx;
				SUPPORTED_PLATFORMS = "$(AVAILABLE_PLATFORMS)";
				SUPPORTS_MACCATALYST = YES;
				SWIFT_ACTIVE_COMPILATION_CONDITIONS = "$(inherited) SWIFT_PACKAGE";
				SWIFT_OPTIMIZATION_LEVEL = "-Owholemodule";
				USE_HEADERMAP = NO;
			};
			name = Release;
		};
		OBJ_83 /* Debug */ = {
			isa = XCBuildConfiguration;
			baseConfigurationReference = OBJ_8 /* DynamicCodableKit.xcconfig */;
			buildSettings = {
				CURRENT_PROJECT_VERSION = 1;
				DRIVERKIT_DEPLOYMENT_TARGET = 19.0;
				ENABLE_TESTABILITY = YES;
				FRAMEWORK_SEARCH_PATHS = (
					"$(inherited)",
					"$(PLATFORM_DIR)/Developer/Library/Frameworks",
				);
				HEADER_SEARCH_PATHS = "$(inherited)";
				INFOPLIST_FILE = DynamicCodableKit.xcodeproj/DynamicCodableKit_Info.plist;
				IPHONEOS_DEPLOYMENT_TARGET = 8.0;
				LD_RUNPATH_SEARCH_PATHS = "$(inherited) $(TOOLCHAIN_DIR)/usr/lib/swift/macosx";
				MACOSX_DEPLOYMENT_TARGET = 10.10;
				OTHER_CFLAGS = "$(inherited)";
				OTHER_LDFLAGS = "$(inherited)";
				OTHER_SWIFT_FLAGS = "$(inherited)";
				PRODUCT_BUNDLE_IDENTIFIER = DynamicCodableKit;
				PRODUCT_MODULE_NAME = "$(TARGET_NAME:c99extidentifier)";
				PRODUCT_NAME = "$(TARGET_NAME:c99extidentifier)";
				SKIP_INSTALL = YES;
				SWIFT_ACTIVE_COMPILATION_CONDITIONS = "$(inherited)";
				SWIFT_VERSION = 5.0;
				TARGET_NAME = DynamicCodableKit;
				TVOS_DEPLOYMENT_TARGET = 9.0;
				WATCHOS_DEPLOYMENT_TARGET = 2.0;
			};
			name = Debug;
		};
		OBJ_84 /* Release */ = {
			isa = XCBuildConfiguration;
			baseConfigurationReference = OBJ_8 /* DynamicCodableKit.xcconfig */;
			buildSettings = {
				CURRENT_PROJECT_VERSION = 1;
				DRIVERKIT_DEPLOYMENT_TARGET = 19.0;
				ENABLE_TESTABILITY = YES;
				FRAMEWORK_SEARCH_PATHS = (
					"$(inherited)",
					"$(PLATFORM_DIR)/Developer/Library/Frameworks",
				);
				HEADER_SEARCH_PATHS = "$(inherited)";
				INFOPLIST_FILE = DynamicCodableKit.xcodeproj/DynamicCodableKit_Info.plist;
				IPHONEOS_DEPLOYMENT_TARGET = 8.0;
				LD_RUNPATH_SEARCH_PATHS = "$(inherited) $(TOOLCHAIN_DIR)/usr/lib/swift/macosx";
				MACOSX_DEPLOYMENT_TARGET = 10.10;
				OTHER_CFLAGS = "$(inherited)";
				OTHER_LDFLAGS = "$(inherited)";
				OTHER_SWIFT_FLAGS = "$(inherited)";
				PRODUCT_BUNDLE_IDENTIFIER = DynamicCodableKit;
				PRODUCT_MODULE_NAME = "$(TARGET_NAME:c99extidentifier)";
				PRODUCT_NAME = "$(TARGET_NAME:c99extidentifier)";
				SKIP_INSTALL = YES;
				SWIFT_ACTIVE_COMPILATION_CONDITIONS = "$(inherited)";
				SWIFT_VERSION = 5.0;
				TARGET_NAME = DynamicCodableKit;
				TVOS_DEPLOYMENT_TARGET = 9.0;
				WATCHOS_DEPLOYMENT_TARGET = 2.0;
			};
			name = Release;
		};
/* End XCBuildConfiguration section */

/* Begin XCConfigurationList section */
		OBJ_109 /* Build configuration list for PBXNativeTarget "DynamicCodableKitPackageDescription" */ = {
			isa = XCConfigurationList;
			buildConfigurations = (
				OBJ_110 /* Debug */,
				OBJ_111 /* Release */,
			);
			defaultConfigurationIsVisible = 0;
			defaultConfigurationName = Release;
		};
		OBJ_115 /* Build configuration list for PBXAggregateTarget "DynamicCodableKitPackageTests" */ = {
			isa = XCConfigurationList;
			buildConfigurations = (
				OBJ_116 /* Debug */,
				OBJ_117 /* Release */,
			);
			defaultConfigurationIsVisible = 0;
			defaultConfigurationName = Release;
		};
		OBJ_120 /* Build configuration list for PBXNativeTarget "DynamicCodableKitTests" */ = {
			isa = XCConfigurationList;
			buildConfigurations = (
				OBJ_121 /* Debug */,
				OBJ_122 /* Release */,
			);
			defaultConfigurationIsVisible = 0;
			defaultConfigurationName = Release;
		};
		OBJ_2 /* Build configuration list for PBXProject "DynamicCodableKit" */ = {
			isa = XCConfigurationList;
			buildConfigurations = (
				OBJ_3 /* Debug */,
				OBJ_4 /* Release */,
			);
			defaultConfigurationIsVisible = 0;
			defaultConfigurationName = Release;
		};
		OBJ_82 /* Build configuration list for PBXNativeTarget "DynamicCodableKit" */ = {
			isa = XCConfigurationList;
			buildConfigurations = (
				OBJ_83 /* Debug */,
				OBJ_84 /* Release */,
			);
			defaultConfigurationIsVisible = 0;
			defaultConfigurationName = Release;
		};
/* End XCConfigurationList section */
	};
	rootObject = OBJ_1 /* Project object */;
}
